
Microsoft Visual Studio Solution File, Format Version 12.00
# Visual Studio Version 16
VisualStudioVersion = 16.0.30104.148
MinimumVisualStudioVersion = 10.0.40219.1
Project("{FAE04EC0-301F-11D3-BF4B-00C04F79EFBC}") = "BladeRazer", "BladeRazer\BladeRazer.csproj", "{62C32639-F4BA-40D7-8A27-A686FE44300E}"
EndProject
Global
	GlobalSection(SolutionConfigurationPlatforms) = preSolution
		Debug|Any CPU = Debug|Any CPU
		Release|Any CPU = Release|Any CPU
	EndGlobalSection
	GlobalSection(ProjectConfigurationPlatforms) = postSolution
		{62C32639-F4BA-40D7-8A27-A686FE44300E}.Debug|Any CPU.ActiveCfg = Debug|Any CPU
		{62C32639-F4BA-40D7-8A27-A686FE44300E}.Debug|Any CPU.Build.0 = Debug|Any CPU
		{62C32639-F4BA-40D7-8A27-A686FE44300E}.Release|Any CPU.ActiveCfg = Release|Any CPU
		{62C32639-F4BA-40D7-8A27-A686FE44300E}.Release|Any CPU.Build.0 = Release|Any CPU
	EndGlobalSection
	GlobalSection(SolutionProperties) = preSolution
		HideSolutionNode = FALSE
	EndGlobalSection
	GlobalSection(ExtensibilityGlobals) = postSolution
		SolutionGuid = {53309965-7708-4AA2-A996-7641B3740DBA}
	EndGlobalSection
EndGlobal
